
Microsoft Visual Studio Solution File, Format Version 12.00
# Visual Studio Version 16
VisualStudioVersion = 16.0.29230.47
MinimumVisualStudioVersion = 10.0.40219.1
Project("{FAE04EC0-301F-11D3-BF4B-00C04F79EFBC}") = "Vega", "Vega\Vega.csproj", "{A7C828B6-7C8A-4D4A-B755-4F37E383472A}"
EndProject
Global
	GlobalSection(SolutionConfigurationPlatforms) = preSolution
		Debug|Any CPU = Debug|Any CPU
		Release|Any CPU = Release|Any CPU
	EndGlobalSection
	GlobalSection(ProjectConfigurationPlatforms) = postSolution
		{A7C828B6-7C8A-4D4A-B755-4F37E383472A}.Debug|Any CPU.ActiveCfg = Debug|Any CPU
		{A7C828B6-7C8A-4D4A-B755-4F37E383472A}.Debug|Any CPU.Build.0 = Debug|Any CPU
		{A7C828B6-7C8A-4D4A-B755-4F37E383472A}.Release|Any CPU.ActiveCfg = Release|Any CPU
		{A7C828B6-7C8A-4D4A-B755-4F37E383472A}.Release|Any CPU.Build.0 = Release|Any CPU
	EndGlobalSection
	GlobalSection(SolutionProperties) = preSolution
		HideSolutionNode = FALSE
	EndGlobalSection
	GlobalSection(ExtensibilityGlobals) = postSolution
		SolutionGuid = {5BDC46DD-B74D-4CDC-960E-29F081D474B5}
	EndGlobalSection
EndGlobal
